
Microsoft Visual Studio Solution File, Format Version 12.00
# Visual Studio Version 17
VisualStudioVersion = 17.3.32825.248
MinimumVisualStudioVersion = 10.0.40219.1
Project("{FAE04EC0-301F-11D3-BF4B-00C04F79EFBC}") = "Task3Math2", "Task3Math2\Task3Math2.csproj", "{09A5F2AF-294F-4D96-85A2-BE233717F857}"
EndProject
Global
	GlobalSection(SolutionConfigurationPlatforms) = preSolution
		Debug|Any CPU = Debug|Any CPU
		Release|Any CPU = Release|Any CPU
	EndGlobalSection
	GlobalSection(ProjectConfigurationPlatforms) = postSolution
		{09A5F2AF-294F-4D96-85A2-BE233717F857}.Debug|Any CPU.ActiveCfg = Debug|Any CPU
		{09A5F2AF-294F-4D96-85A2-BE233717F857}.Debug|Any CPU.Build.0 = Debug|Any CPU
		{09A5F2AF-294F-4D96-85A2-BE233717F857}.Release|Any CPU.ActiveCfg = Release|Any CPU
		{09A5F2AF-294F-4D96-85A2-BE233717F857}.Release|Any CPU.Build.0 = Release|Any CPU
	EndGlobalSection
	GlobalSection(SolutionProperties) = preSolution
		HideSolutionNode = FALSE
	EndGlobalSection
	GlobalSection(ExtensibilityGlobals) = postSolution
		SolutionGuid = {C7EE947E-69CB-4457-B13C-B694F8A0C410}
	EndGlobalSection
EndGlobal
