
Microsoft Visual Studio Solution File, Format Version 12.00
# Visual Studio Version 17
VisualStudioVersion = 17.3.32825.248
MinimumVisualStudioVersion = 10.0.40219.1
Project("{FAE04EC0-301F-11D3-BF4B-00C04F79EFBC}") = "Task6_StringsAndSymbols", "Task6_StringsAndSymbols\Task6_StringsAndSymbols.csproj", "{5697F465-F02E-4CA2-8AAC-E26792D6A9A8}"
EndProject
Global
	GlobalSection(SolutionConfigurationPlatforms) = preSolution
		Debug|Any CPU = Debug|Any CPU
		Release|Any CPU = Release|Any CPU
	EndGlobalSection
	GlobalSection(ProjectConfigurationPlatforms) = postSolution
		{5697F465-F02E-4CA2-8AAC-E26792D6A9A8}.Debug|Any CPU.ActiveCfg = Debug|Any CPU
		{5697F465-F02E-4CA2-8AAC-E26792D6A9A8}.Debug|Any CPU.Build.0 = Debug|Any CPU
		{5697F465-F02E-4CA2-8AAC-E26792D6A9A8}.Release|Any CPU.ActiveCfg = Release|Any CPU
		{5697F465-F02E-4CA2-8AAC-E26792D6A9A8}.Release|Any CPU.Build.0 = Release|Any CPU
	EndGlobalSection
	GlobalSection(SolutionProperties) = preSolution
		HideSolutionNode = FALSE
	EndGlobalSection
	GlobalSection(ExtensibilityGlobals) = postSolution
		SolutionGuid = {BC891C14-FB26-438F-B59E-C931CD4028E9}
	EndGlobalSection
EndGlobal
